
Microsoft Visual Studio Solution File, Format Version 12.00
# Visual Studio 15
VisualStudioVersion = 15.0.27428.2015
MinimumVisualStudioVersion = 10.0.40219.1
Project("{FAE04EC0-301F-11D3-BF4B-00C04F79EFBC}") = "IMDB", "IMDB\IMDB.csproj", "{A5C919EA-E3CE-4DE2-9A40-CC159805FBC2}"
EndProject
Global
	GlobalSection(SolutionConfigurationPlatforms) = preSolution
		Debug|Any CPU = Debug|Any CPU
		Release|Any CPU = Release|Any CPU
	EndGlobalSection
	GlobalSection(ProjectConfigurationPlatforms) = postSolution
		{A5C919EA-E3CE-4DE2-9A40-CC159805FBC2}.Debug|Any CPU.ActiveCfg = Debug|Any CPU
		{A5C919EA-E3CE-4DE2-9A40-CC159805FBC2}.Debug|Any CPU.Build.0 = Debug|Any CPU
		{A5C919EA-E3CE-4DE2-9A40-CC159805FBC2}.Release|Any CPU.ActiveCfg = Release|Any CPU
		{A5C919EA-E3CE-4DE2-9A40-CC159805FBC2}.Release|Any CPU.Build.0 = Release|Any CPU
	EndGlobalSection
	GlobalSection(SolutionProperties) = preSolution
		HideSolutionNode = FALSE
	EndGlobalSection
	GlobalSection(ExtensibilityGlobals) = postSolution
		SolutionGuid = {1AF96D38-B88B-419C-9E0C-51E34C42C533}
	EndGlobalSection
EndGlobal
